
Microsoft Visual Studio Solution File, Format Version 12.00
Project("{FAE04EC0-301F-11D3-BF4B-00C04F79EFBC}") = "BigBadBank", "BigBadBank\BigBadBank.csproj", "{D41EF0F1-7CA0-42F3-9870-0B1FAC1E3E9A}"
EndProject
Global
	GlobalSection(SolutionConfigurationPlatforms) = preSolution
		Debug|Any CPU = Debug|Any CPU
		Release|Any CPU = Release|Any CPU
	EndGlobalSection
	GlobalSection(ProjectConfigurationPlatforms) = postSolution
		{D41EF0F1-7CA0-42F3-9870-0B1FAC1E3E9A}.Debug|Any CPU.ActiveCfg = Debug|Any CPU
		{D41EF0F1-7CA0-42F3-9870-0B1FAC1E3E9A}.Debug|Any CPU.Build.0 = Debug|Any CPU
		{D41EF0F1-7CA0-42F3-9870-0B1FAC1E3E9A}.Release|Any CPU.ActiveCfg = Release|Any CPU
		{D41EF0F1-7CA0-42F3-9870-0B1FAC1E3E9A}.Release|Any CPU.Build.0 = Release|Any CPU
	EndGlobalSection
EndGlobal
